
Microsoft Visual Studio Solution File, Format Version 12.00
# Visual Studio Version 17
VisualStudioVersion = 17.12.35521.163
MinimumVisualStudioVersion = 10.0.40219.1
Project("{FAE04EC0-301F-11D3-BF4B-00C04F79EFBC}") = "Basic", "Basic\Basic.csproj", "{0D18091F-1C67-4B45-B549-31C2AB7BA107}"
EndProject
Project("{FAE04EC0-301F-11D3-BF4B-00C04F79EFBC}") = "Calculator", "Calculator\Calculator.csproj", "{6CE918EA-E69A-4602-86E3-D000DDBB5BEE}"
EndProject
Project("{FAE04EC0-301F-11D3-BF4B-00C04F79EFBC}") = "ErrorHandling", "ErrorHandling\ErrorHandling.csproj", "{77B6AE55-B3EA-49D7-BE0D-F85A31EDBFA5}"
EndProject
Project("{FAE04EC0-301F-11D3-BF4B-00C04F79EFBC}") = "Documentation", "Documentation\Documentation.csproj", "{4485F60A-E597-481A-9AA5-99676F917336}"
EndProject
Project("{FAE04EC0-301F-11D3-BF4B-00C04F79EFBC}") = "ThrowAndCatch", "ThrowAndCatch\ThrowAndCatch.csproj", "{5C7AEB04-4E08-489D-BDC2-D366C0620D1E}"
EndProject
Project("{FAE04EC0-301F-11D3-BF4B-00C04F79EFBC}") = "MatrixCalculator", "MatrixCalculator\MatrixCalculator.csproj", "{79313410-D662-4013-8585-C04E1358030C}"
EndProject
Project("{FAE04EC0-301F-11D3-BF4B-00C04F79EFBC}") = "MatrixCalculatorImproved", "MatrixCalculatorImproved\MatrixCalculatorImproved.csproj", "{A039BBCB-6FE9-4673-A1D0-06521F66FDBF}"
EndProject
Project("{FAE04EC0-301F-11D3-BF4B-00C04F79EFBC}") = "DatabaseOperations", "DatabaseOperations\DatabaseOperations.csproj", "{B6D94221-CA4A-4132-9EE9-7027181D20EF}"
EndProject
Project("{FAE04EC0-301F-11D3-BF4B-00C04F79EFBC}") = "ExceptionHandlingImproved", "ExceptionHandlingImproved\ExceptionHandlingImproved.csproj", "{EC146D57-6F96-4067-8488-2C857AAC9F08}"
EndProject
Project("{FAE04EC0-301F-11D3-BF4B-00C04F79EFBC}") = "NestedOrCustomClass", "NestedOrCustomClass\NestedOrCustomClass.csproj", "{70F36E66-E8F4-4BFD-BC4D-EEE6BD522A3B}"
EndProject
Project("{FAE04EC0-301F-11D3-BF4B-00C04F79EFBC}") = "MethodOverloading", "MethodOverloading\MethodOverloading.csproj", "{7CA43EDF-4238-463D-90F5-D1857BF218E5}"
EndProject
Project("{FAE04EC0-301F-11D3-BF4B-00C04F79EFBC}") = "MethodOverriding", "MethodOverriding\MethodOverriding.csproj", "{4E74C472-A3F9-4E03-A944-F7503A70A707}"
EndProject
Project("{FAE04EC0-301F-11D3-BF4B-00C04F79EFBC}") = "OverrideByConfiguration", "OverrideByConfiguration\OverrideByConfiguration.csproj", "{A6CE82DD-03C8-4CD8-A42F-261A56A8F351}"
EndProject
Project("{FAE04EC0-301F-11D3-BF4B-00C04F79EFBC}") = "Inheritance", "Inheritance\Inheritance.csproj", "{CFB976D9-5AF5-434E-AB04-C5CDB00EDD98}"
EndProject
Global
	GlobalSection(SolutionConfigurationPlatforms) = preSolution
		Debug|Any CPU = Debug|Any CPU
		Release|Any CPU = Release|Any CPU
	EndGlobalSection
	GlobalSection(ProjectConfigurationPlatforms) = postSolution
		{0D18091F-1C67-4B45-B549-31C2AB7BA107}.Debug|Any CPU.ActiveCfg = Debug|Any CPU
		{0D18091F-1C67-4B45-B549-31C2AB7BA107}.Debug|Any CPU.Build.0 = Debug|Any CPU
		{0D18091F-1C67-4B45-B549-31C2AB7BA107}.Release|Any CPU.ActiveCfg = Release|Any CPU
		{0D18091F-1C67-4B45-B549-31C2AB7BA107}.Release|Any CPU.Build.0 = Release|Any CPU
		{6CE918EA-E69A-4602-86E3-D000DDBB5BEE}.Debug|Any CPU.ActiveCfg = Debug|Any CPU
		{6CE918EA-E69A-4602-86E3-D000DDBB5BEE}.Debug|Any CPU.Build.0 = Debug|Any CPU
		{6CE918EA-E69A-4602-86E3-D000DDBB5BEE}.Release|Any CPU.ActiveCfg = Release|Any CPU
		{6CE918EA-E69A-4602-86E3-D000DDBB5BEE}.Release|Any CPU.Build.0 = Release|Any CPU
		{77B6AE55-B3EA-49D7-BE0D-F85A31EDBFA5}.Debug|Any CPU.ActiveCfg = Debug|Any CPU
		{77B6AE55-B3EA-49D7-BE0D-F85A31EDBFA5}.Debug|Any CPU.Build.0 = Debug|Any CPU
		{77B6AE55-B3EA-49D7-BE0D-F85A31EDBFA5}.Release|Any CPU.ActiveCfg = Release|Any CPU
		{77B6AE55-B3EA-49D7-BE0D-F85A31EDBFA5}.Release|Any CPU.Build.0 = Release|Any CPU
		{4485F60A-E597-481A-9AA5-99676F917336}.Debug|Any CPU.ActiveCfg = Debug|Any CPU
		{4485F60A-E597-481A-9AA5-99676F917336}.Debug|Any CPU.Build.0 = Debug|Any CPU
		{4485F60A-E597-481A-9AA5-99676F917336}.Release|Any CPU.ActiveCfg = Release|Any CPU
		{4485F60A-E597-481A-9AA5-99676F917336}.Release|Any CPU.Build.0 = Release|Any CPU
		{5C7AEB04-4E08-489D-BDC2-D366C0620D1E}.Debug|Any CPU.ActiveCfg = Debug|Any CPU
		{5C7AEB04-4E08-489D-BDC2-D366C0620D1E}.Debug|Any CPU.Build.0 = Debug|Any CPU
		{5C7AEB04-4E08-489D-BDC2-D366C0620D1E}.Release|Any CPU.ActiveCfg = Release|Any CPU
		{5C7AEB04-4E08-489D-BDC2-D366C0620D1E}.Release|Any CPU.Build.0 = Release|Any CPU
		{79313410-D662-4013-8585-C04E1358030C}.Debug|Any CPU.ActiveCfg = Debug|Any CPU
		{79313410-D662-4013-8585-C04E1358030C}.Debug|Any CPU.Build.0 = Debug|Any CPU
		{79313410-D662-4013-8585-C04E1358030C}.Release|Any CPU.ActiveCfg = Release|Any CPU
		{79313410-D662-4013-8585-C04E1358030C}.Release|Any CPU.Build.0 = Release|Any CPU
		{A039BBCB-6FE9-4673-A1D0-06521F66FDBF}.Debug|Any CPU.ActiveCfg = Debug|Any CPU
		{A039BBCB-6FE9-4673-A1D0-06521F66FDBF}.Debug|Any CPU.Build.0 = Debug|Any CPU
		{A039BBCB-6FE9-4673-A1D0-06521F66FDBF}.Release|Any CPU.ActiveCfg = Release|Any CPU
		{A039BBCB-6FE9-4673-A1D0-06521F66FDBF}.Release|Any CPU.Build.0 = Release|Any CPU
		{B6D94221-CA4A-4132-9EE9-7027181D20EF}.Debug|Any CPU.ActiveCfg = Debug|Any CPU
		{B6D94221-CA4A-4132-9EE9-7027181D20EF}.Debug|Any CPU.Build.0 = Debug|Any CPU
		{B6D94221-CA4A-4132-9EE9-7027181D20EF}.Release|Any CPU.ActiveCfg = Release|Any CPU
		{B6D94221-CA4A-4132-9EE9-7027181D20EF}.Release|Any CPU.Build.0 = Release|Any CPU
		{EC146D57-6F96-4067-8488-2C857AAC9F08}.Debug|Any CPU.ActiveCfg = Debug|Any CPU
		{EC146D57-6F96-4067-8488-2C857AAC9F08}.Debug|Any CPU.Build.0 = Debug|Any CPU
		{EC146D57-6F96-4067-8488-2C857AAC9F08}.Release|Any CPU.ActiveCfg = Release|Any CPU
		{EC146D57-6F96-4067-8488-2C857AAC9F08}.Release|Any CPU.Build.0 = Release|Any CPU
		{70F36E66-E8F4-4BFD-BC4D-EEE6BD522A3B}.Debug|Any CPU.ActiveCfg = Debug|Any CPU
		{70F36E66-E8F4-4BFD-BC4D-EEE6BD522A3B}.Debug|Any CPU.Build.0 = Debug|Any CPU
		{70F36E66-E8F4-4BFD-BC4D-EEE6BD522A3B}.Release|Any CPU.ActiveCfg = Release|Any CPU
		{70F36E66-E8F4-4BFD-BC4D-EEE6BD522A3B}.Release|Any CPU.Build.0 = Release|Any CPU
		{7CA43EDF-4238-463D-90F5-D1857BF218E5}.Debug|Any CPU.ActiveCfg = Debug|Any CPU
		{7CA43EDF-4238-463D-90F5-D1857BF218E5}.Debug|Any CPU.Build.0 = Debug|Any CPU
		{7CA43EDF-4238-463D-90F5-D1857BF218E5}.Release|Any CPU.ActiveCfg = Release|Any CPU
		{7CA43EDF-4238-463D-90F5-D1857BF218E5}.Release|Any CPU.Build.0 = Release|Any CPU
		{4E74C472-A3F9-4E03-A944-F7503A70A707}.Debug|Any CPU.ActiveCfg = Debug|Any CPU
		{4E74C472-A3F9-4E03-A944-F7503A70A707}.Debug|Any CPU.Build.0 = Debug|Any CPU
		{4E74C472-A3F9-4E03-A944-F7503A70A707}.Release|Any CPU.ActiveCfg = Release|Any CPU
		{4E74C472-A3F9-4E03-A944-F7503A70A707}.Release|Any CPU.Build.0 = Release|Any CPU
		{A6CE82DD-03C8-4CD8-A42F-261A56A8F351}.Debug|Any CPU.ActiveCfg = Debug|Any CPU
		{A6CE82DD-03C8-4CD8-A42F-261A56A8F351}.Debug|Any CPU.Build.0 = Debug|Any CPU
		{A6CE82DD-03C8-4CD8-A42F-261A56A8F351}.Release|Any CPU.ActiveCfg = Release|Any CPU
		{A6CE82DD-03C8-4CD8-A42F-261A56A8F351}.Release|Any CPU.Build.0 = Release|Any CPU
		{CFB976D9-5AF5-434E-AB04-C5CDB00EDD98}.Debug|Any CPU.ActiveCfg = Debug|Any CPU
		{CFB976D9-5AF5-434E-AB04-C5CDB00EDD98}.Debug|Any CPU.Build.0 = Debug|Any CPU
		{CFB976D9-5AF5-434E-AB04-C5CDB00EDD98}.Release|Any CPU.ActiveCfg = Release|Any CPU
		{CFB976D9-5AF5-434E-AB04-C5CDB00EDD98}.Release|Any CPU.Build.0 = Release|Any CPU
	EndGlobalSection
	GlobalSection(SolutionProperties) = preSolution
		HideSolutionNode = FALSE
	EndGlobalSection
	GlobalSection(ExtensibilityGlobals) = postSolution
		SolutionGuid = {6A84396B-8223-4C09-9877-D4C45D4EE84A}
	EndGlobalSection
EndGlobal
