
Microsoft Visual Studio Solution File, Format Version 12.00
# Visual Studio Version 17
VisualStudioVersion = 17.12.35521.163
MinimumVisualStudioVersion = 10.0.40219.1
Project("{FAE04EC0-301F-11D3-BF4B-00C04F79EFBC}") = "Basic", "Basic\Basic.csproj", "{0D18091F-1C67-4B45-B549-31C2AB7BA107}"
EndProject
Project("{FAE04EC0-301F-11D3-BF4B-00C04F79EFBC}") = "Calculator", "Calculator\Calculator.csproj", "{6CE918EA-E69A-4602-86E3-D000DDBB5BEE}"
EndProject
Project("{FAE04EC0-301F-11D3-BF4B-00C04F79EFBC}") = "ErrorHandling", "ErrorHandling\ErrorHandling.csproj", "{77B6AE55-B3EA-49D7-BE0D-F85A31EDBFA5}"
EndProject
Project("{FAE04EC0-301F-11D3-BF4B-00C04F79EFBC}") = "Documentation", "Documentation\Documentation.csproj", "{4485F60A-E597-481A-9AA5-99676F917336}"
EndProject
Project("{FAE04EC0-301F-11D3-BF4B-00C04F79EFBC}") = "ThrowAndCatch", "ThrowAndCatch\ThrowAndCatch.csproj", "{5C7AEB04-4E08-489D-BDC2-D366C0620D1E}"
EndProject
Project("{FAE04EC0-301F-11D3-BF4B-00C04F79EFBC}") = "MatrixCalculator", "MatrixCalculator\MatrixCalculator.csproj", "{79313410-D662-4013-8585-C04E1358030C}"
EndProject
Global
	GlobalSection(SolutionConfigurationPlatforms) = preSolution
		Debug|Any CPU = Debug|Any CPU
		Release|Any CPU = Release|Any CPU
	EndGlobalSection
	GlobalSection(ProjectConfigurationPlatforms) = postSolution
		{0D18091F-1C67-4B45-B549-31C2AB7BA107}.Debug|Any CPU.ActiveCfg = Debug|Any CPU
		{0D18091F-1C67-4B45-B549-31C2AB7BA107}.Debug|Any CPU.Build.0 = Debug|Any CPU
		{0D18091F-1C67-4B45-B549-31C2AB7BA107}.Release|Any CPU.ActiveCfg = Release|Any CPU
		{0D18091F-1C67-4B45-B549-31C2AB7BA107}.Release|Any CPU.Build.0 = Release|Any CPU
		{6CE918EA-E69A-4602-86E3-D000DDBB5BEE}.Debug|Any CPU.ActiveCfg = Debug|Any CPU
		{6CE918EA-E69A-4602-86E3-D000DDBB5BEE}.Debug|Any CPU.Build.0 = Debug|Any CPU
		{6CE918EA-E69A-4602-86E3-D000DDBB5BEE}.Release|Any CPU.ActiveCfg = Release|Any CPU
		{6CE918EA-E69A-4602-86E3-D000DDBB5BEE}.Release|Any CPU.Build.0 = Release|Any CPU
		{77B6AE55-B3EA-49D7-BE0D-F85A31EDBFA5}.Debug|Any CPU.ActiveCfg = Debug|Any CPU
		{77B6AE55-B3EA-49D7-BE0D-F85A31EDBFA5}.Debug|Any CPU.Build.0 = Debug|Any CPU
		{77B6AE55-B3EA-49D7-BE0D-F85A31EDBFA5}.Release|Any CPU.ActiveCfg = Release|Any CPU
		{77B6AE55-B3EA-49D7-BE0D-F85A31EDBFA5}.Release|Any CPU.Build.0 = Release|Any CPU
		{4485F60A-E597-481A-9AA5-99676F917336}.Debug|Any CPU.ActiveCfg = Debug|Any CPU
		{4485F60A-E597-481A-9AA5-99676F917336}.Debug|Any CPU.Build.0 = Debug|Any CPU
		{4485F60A-E597-481A-9AA5-99676F917336}.Release|Any CPU.ActiveCfg = Release|Any CPU
		{4485F60A-E597-481A-9AA5-99676F917336}.Release|Any CPU.Build.0 = Release|Any CPU
		{5C7AEB04-4E08-489D-BDC2-D366C0620D1E}.Debug|Any CPU.ActiveCfg = Debug|Any CPU
		{5C7AEB04-4E08-489D-BDC2-D366C0620D1E}.Debug|Any CPU.Build.0 = Debug|Any CPU
		{5C7AEB04-4E08-489D-BDC2-D366C0620D1E}.Release|Any CPU.ActiveCfg = Release|Any CPU
		{5C7AEB04-4E08-489D-BDC2-D366C0620D1E}.Release|Any CPU.Build.0 = Release|Any CPU
		{79313410-D662-4013-8585-C04E1358030C}.Debug|Any CPU.ActiveCfg = Debug|Any CPU
		{79313410-D662-4013-8585-C04E1358030C}.Debug|Any CPU.Build.0 = Debug|Any CPU
		{79313410-D662-4013-8585-C04E1358030C}.Release|Any CPU.ActiveCfg = Release|Any CPU
		{79313410-D662-4013-8585-C04E1358030C}.Release|Any CPU.Build.0 = Release|Any CPU
	EndGlobalSection
	GlobalSection(SolutionProperties) = preSolution
		HideSolutionNode = FALSE
	EndGlobalSection
EndGlobal
